
Microsoft Visual Studio Solution File, Format Version 12.00
# Visual Studio Version 17
VisualStudioVersion = 17.9.34728.123
MinimumVisualStudioVersion = 10.0.40219.1
Project("{FAE04EC0-301F-11D3-BF4B-00C04F79EFBC}") = "number-analyzer", "number-analyzer.csproj", "{4697ECEC-3E5A-420B-9D5A-F1891C0EA08D}"
EndProject
Global
	GlobalSection(SolutionConfigurationPlatforms) = preSolution
		Debug|Any CPU = Debug|Any CPU
		Release|Any CPU = Release|Any CPU
	EndGlobalSection
	GlobalSection(ProjectConfigurationPlatforms) = postSolution
		{4697ECEC-3E5A-420B-9D5A-F1891C0EA08D}.Debug|Any CPU.ActiveCfg = Debug|Any CPU
		{4697ECEC-3E5A-420B-9D5A-F1891C0EA08D}.Debug|Any CPU.Build.0 = Debug|Any CPU
		{4697ECEC-3E5A-420B-9D5A-F1891C0EA08D}.Release|Any CPU.ActiveCfg = Release|Any CPU
		{4697ECEC-3E5A-420B-9D5A-F1891C0EA08D}.Release|Any CPU.Build.0 = Release|Any CPU
	EndGlobalSection
	GlobalSection(SolutionProperties) = preSolution
		HideSolutionNode = FALSE
	EndGlobalSection
	GlobalSection(ExtensibilityGlobals) = postSolution
		SolutionGuid = {9408A010-3A8A-4B17-A18C-8480AED47847}
	EndGlobalSection
EndGlobal
